
Microsoft Visual Studio Solution File, Format Version 12.00
# Visual Studio Version 16
VisualStudioVersion = 16.0.30114.105
MinimumVisualStudioVersion = 10.0.40219.1
Project("{2150E333-8FDC-42A3-9474-1A3956D46DE8}") = "src", "src", "{09817E87-E67A-4FDC-B298-E51FF030E9BA}"
EndProject
Project("{FAE04EC0-301F-11D3-BF4B-00C04F79EFBC}") = "NetCorePal.AliyunExporter", "src\NetCorePal.AliyunExporter\NetCorePal.AliyunExporter.csproj", "{D865D187-D7BD-4DB9-B4D4-A38D8A0FA987}"
EndProject
Global
	GlobalSection(SolutionConfigurationPlatforms) = preSolution
		Debug|Any CPU = Debug|Any CPU
		Release|Any CPU = Release|Any CPU
	EndGlobalSection
	GlobalSection(SolutionProperties) = preSolution
		HideSolutionNode = FALSE
	EndGlobalSection
	GlobalSection(ProjectConfigurationPlatforms) = postSolution
		{D865D187-D7BD-4DB9-B4D4-A38D8A0FA987}.Debug|Any CPU.ActiveCfg = Debug|Any CPU
		{D865D187-D7BD-4DB9-B4D4-A38D8A0FA987}.Debug|Any CPU.Build.0 = Debug|Any CPU
		{D865D187-D7BD-4DB9-B4D4-A38D8A0FA987}.Release|Any CPU.ActiveCfg = Release|Any CPU
		{D865D187-D7BD-4DB9-B4D4-A38D8A0FA987}.Release|Any CPU.Build.0 = Release|Any CPU
	EndGlobalSection
	GlobalSection(NestedProjects) = preSolution
		{D865D187-D7BD-4DB9-B4D4-A38D8A0FA987} = {09817E87-E67A-4FDC-B298-E51FF030E9BA}
	EndGlobalSection
EndGlobal
